{
  "version": 4,
  "terraform_version": "1.14.5",
  "serial": 3,
  "lineage": "d24182be-5c91-0922-1e18-bff5499eb6c3",
  "outputs": {},
  "resources": [
    {
      "mode": "data",
      "type": "aws_ami",
      "name": "ubuntu",
      "provider": "provider[\"registry.terraform.io/hashicorp/aws\"]",
      "instances": [
        {
          "schema_version": 0,
          "attributes": {
            "architecture": "x86_64",
            "arn": "arn:aws:ec2:us-east-1::image/ami-0ec10929233384c7f",
            "block_device_mappings": [
              {
                "device_name": "/dev/sda1",
                "ebs": {
                  "delete_on_termination": "true",
                  "encrypted": "false",
                  "iops": "0",
                  "snapshot_id": "snap-0225d90e25850700d",
                  "throughput": "0",
                  "volume_initialization_rate": "0",
                  "volume_size": "8",
                  "volume_type": "gp3"
                },
                "no_device": "",
                "virtual_name": ""
              },
              {
                "device_name": "/dev/sdb",
                "ebs": {},
                "no_device": "",
                "virtual_name": "ephemeral0"
              },
              {
                "device_name": "/dev/sdc",
                "ebs": {},
                "no_device": "",
                "virtual_name": "ephemeral1"
              }
            ],
            "boot_mode": "uefi-preferred",
            "creation_date": "2026-03-14T22:10:40.000Z",
            "deprecation_time": "2028-03-14T22:10:40.000Z",
            "description": "Canonical, Ubuntu, 24.04, amd64 noble image",
            "ena_support": true,
            "executable_users": null,
            "filter": [
              {
                "name": "name",
                "values": [
                  "ubuntu/images/hvm-ssd-gp3/ubuntu-noble-24.04-amd64-server-*"
                ]
              },
              {
                "name": "virtualization-type",
                "values": [
                  "hvm"
                ]
              }
            ],
            "hypervisor": "xen",
            "id": "ami-0ec10929233384c7f",
            "image_id": "ami-0ec10929233384c7f",
            "image_location": "amazon/ubuntu/images/hvm-ssd-gp3/ubuntu-noble-24.04-amd64-server-20260313",
            "image_owner_alias": "amazon",
            "image_type": "machine",
            "imds_support": "v2.0",
            "include_deprecated": false,
            "kernel_id": "",
            "last_launched_time": "",
            "most_recent": true,
            "name": "ubuntu/images/hvm-ssd-gp3/ubuntu-noble-24.04-amd64-server-20260313",
            "name_regex": null,
            "owner_id": "099720109477",
            "owners": [
              "099720109477"
            ],
            "platform": "",
            "platform_details": "Linux/UNIX",
            "product_codes": [],
            "public": true,
            "ramdisk_id": "",
            "root_device_name": "/dev/sda1",
            "root_device_type": "ebs",
            "root_snapshot_id": "snap-0225d90e25850700d",
            "sriov_net_support": "simple",
            "state": "available",
            "state_reason": {
              "code": "UNSET",
              "message": "UNSET"
            },
            "tags": {},
            "timeouts": null,
            "tpm_support": "",
            "uefi_data": null,
            "usage_operation": "RunInstances",
            "virtualization_type": "hvm"
          },
          "sensitive_attributes": [],
          "identity_schema_version": 0
        }
      ]
    },
    {
      "mode": "managed",
      "type": "aws_key_pair",
      "name": "devops_key",
      "provider": "provider[\"registry.terraform.io/hashicorp/aws\"]",
      "instances": [
        {
          "schema_version": 1,
          "attributes": {
            "arn": "arn:aws:ec2:us-east-1:120569621470:key-pair/devops-docker-platform-dev-key",
            "fingerprint": "e1:41:84:28:7c:9f:02:29:ac:81:47:c3:8a:ec:08:b9",
            "id": "devops-docker-platform-dev-key",
            "key_name": "devops-docker-platform-dev-key",
            "key_name_prefix": "",
            "key_pair_id": "key-068c576a77bebb32f",
            "key_type": "rsa",
            "public_key": "ssh-rsa AAAAB3NzaC1yc2EAAAADAQABAAACAQC/Rf1DhI+h1H8OQQMNqoz2v4rbnf2Tl7lLS7X1OBLvp0VNvixT4d4rzm+NZZLWXtPpF5+pmDbMyMEq/B5d+T4x0KQl+24/qj27J5IB4NO4jgLYi1IJHqX2ufLaYosDlFAFZ7Crd8JtgSWBQTA/XvaCGIBgalLG0mfBeWmh4m5Aj/vWhVu9rERrbVNFEBzJyeJ9OqOuB18rVQx43rJPa6u16jwRpsvkt+hAxclmPqFU+lgwnB/kh65E58Wcugi0XIuHasZJMZUJ5xAVaF2b++0A07O42erjGHy2SgjPbzITT8jpfauCPaQYuTjzvYTOmc0qcTUOzL8Lmj3TGcWrGMa4guMW9au6OgBWQ1lyHffDxkbfqJOLzcFJWfVLchC3LcujT8xb/yJYs8WiJeI9O0CRNFmtIwiu2tiKPksqDQKGq/SSPEL0pWP+YFU/VVd+iPu6Dy4DIdxCSb/5pSrCs+McgMwbJCRgQfGt5Uu4Aix0hZyZPebCh7sshvi3zMGVecCKg0fkcxisO3DYb8uXz0MrflvwSVxk+14DuQz9CKERkryRVVnmjCe4QK0j+d/pGFB36HJE+3TzK1IU57nX2HMTm3Ymr0guorB/FbrPglgGCrli7s07X+/n5OaQgHRGnFCZ9FBQvDIDMmNfR0TPJn6xE+riixh80jT9RuqjwqdfYQ== mahmeer@Systems",
            "tags": null,
            "tags_all": {}
          },
          "sensitive_attributes": [],
          "identity_schema_version": 0,
          "private": "eyJzY2hlbWFfdmVyc2lvbiI6IjEifQ=="
        }
      ]
    }
  ],
  "check_results": null
}
